
Microsoft Visual Studio Solution File, Format Version 12.00
# Visual Studio Version 16
VisualStudioVersion = 16.0.29709.97
MinimumVisualStudioVersion = 10.0.40219.1
Project("{FAE04EC0-301F-11D3-BF4B-00C04F79EFBC}") = "4chanDownload", "4chanDownload\4chanDownload.csproj", "{39605D2A-46C7-4DEF-8A23-5A0CAF93CF2B}"
EndProject
Global
	GlobalSection(SolutionConfigurationPlatforms) = preSolution
		Debug|Any CPU = Debug|Any CPU
		Release|Any CPU = Release|Any CPU
	EndGlobalSection
	GlobalSection(ProjectConfigurationPlatforms) = postSolution
		{39605D2A-46C7-4DEF-8A23-5A0CAF93CF2B}.Debug|Any CPU.ActiveCfg = Debug|Any CPU
		{39605D2A-46C7-4DEF-8A23-5A0CAF93CF2B}.Debug|Any CPU.Build.0 = Debug|Any CPU
		{39605D2A-46C7-4DEF-8A23-5A0CAF93CF2B}.Release|Any CPU.ActiveCfg = Release|Any CPU
		{39605D2A-46C7-4DEF-8A23-5A0CAF93CF2B}.Release|Any CPU.Build.0 = Release|Any CPU
	EndGlobalSection
	GlobalSection(SolutionProperties) = preSolution
		HideSolutionNode = FALSE
	EndGlobalSection
	GlobalSection(ExtensibilityGlobals) = postSolution
		SolutionGuid = {0A99CBAA-A09D-4977-8933-2853D7AAA2E5}
	EndGlobalSection
EndGlobal
